// !$*UTF8*$!
{
	archiveVersion = 1;
	classes = {
	};
	objectVersion = 55;
	objects = {

/* Begin PBXBuildFile section */
		2062178727797D360023FB4A /* MyPostsService.swift in Sources */ = {isa = PBXBuildFile; fileRef = 2062178627797D360023FB4A /* MyPostsService.swift */; };
		2062178927797D7E0023FB4A /* MyPostData.swift in Sources */ = {isa = PBXBuildFile; fileRef = 2062178827797D7E0023FB4A /* MyPostData.swift */; };
		20C07624277AD9C800EB22F7 /* MyPostTableCell.swift in Sources */ = {isa = PBXBuildFile; fileRef = 20C07623277AD9C800EB22F7 /* MyPostTableCell.swift */; };
		20C07626277AEFB400EB22F7 /* EditAddController.swift in Sources */ = {isa = PBXBuildFile; fileRef = 20C07625277AEFB400EB22F7 /* EditAddController.swift */; };
		20C0762A277B1B1E00EB22F7 /* ExceptionHandler.swift in Sources */ = {isa = PBXBuildFile; fileRef = 20C07629277B1B1E00EB22F7 /* ExceptionHandler.swift */; };
		20EA707D2775BDC500A7D9D8 /* AppDelegate.swift in Sources */ = {isa = PBXBuildFile; fileRef = 20EA707C2775BDC500A7D9D8 /* AppDelegate.swift */; };
		20EA707F2775BDC500A7D9D8 /* SceneDelegate.swift in Sources */ = {isa = PBXBuildFile; fileRef = 20EA707E2775BDC500A7D9D8 /* SceneDelegate.swift */; };
		20EA70812775BDC500A7D9D8 /* MyPostsController.swift in Sources */ = {isa = PBXBuildFile; fileRef = 20EA70802775BDC500A7D9D8 /* MyPostsController.swift */; };
		20EA70842775BDC500A7D9D8 /* Main.storyboard in Resources */ = {isa = PBXBuildFile; fileRef = 20EA70822775BDC500A7D9D8 /* Main.storyboard */; };
		20EA70862775BDC700A7D9D8 /* Assets.xcassets in Resources */ = {isa = PBXBuildFile; fileRef = 20EA70852775BDC700A7D9D8 /* Assets.xcassets */; };
		20EA70892775BDC700A7D9D8 /* LaunchScreen.storyboard in Resources */ = {isa = PBXBuildFile; fileRef = 20EA70872775BDC700A7D9D8 /* LaunchScreen.storyboard */; };
/* End PBXBuildFile section */

/* Begin PBXFileReference section */
		2062178627797D360023FB4A /* MyPostsService.swift */ = {isa = PBXFileReference; lastKnownFileType = sourcecode.swift; path = MyPostsService.swift; sourceTree = "<group>"; };
		2062178827797D7E0023FB4A /* MyPostData.swift */ = {isa = PBXFileReference; lastKnownFileType = sourcecode.swift; path = MyPostData.swift; sourceTree = "<group>"; };
		20C07623277AD9C800EB22F7 /* MyPostTableCell.swift */ = {isa = PBXFileReference; lastKnownFileType = sourcecode.swift; path = MyPostTableCell.swift; sourceTree = "<group>"; };
		20C07625277AEFB400EB22F7 /* EditAddController.swift */ = {isa = PBXFileReference; lastKnownFileType = sourcecode.swift; path = EditAddController.swift; sourceTree = "<group>"; };
		20C07629277B1B1E00EB22F7 /* ExceptionHandler.swift */ = {isa = PBXFileReference; lastKnownFileType = sourcecode.swift; path = ExceptionHandler.swift; sourceTree = "<group>"; };
		20EA70792775BDC500A7D9D8 /* myPosts.app */ = {isa = PBXFileReference; explicitFileType = wrapper.application; includeInIndex = 0; path = myPosts.app; sourceTree = BUILT_PRODUCTS_DIR; };
		20EA707C2775BDC500A7D9D8 /* AppDelegate.swift */ = {isa = PBXFileReference; lastKnownFileType = sourcecode.swift; path = AppDelegate.swift; sourceTree = "<group>"; };
		20EA707E2775BDC500A7D9D8 /* SceneDelegate.swift */ = {isa = PBXFileReference; lastKnownFileType = sourcecode.swift; path = SceneDelegate.swift; sourceTree = "<group>"; };
		20EA70802775BDC500A7D9D8 /* MyPostsController.swift */ = {isa = PBXFileReference; lastKnownFileType = sourcecode.swift; path = MyPostsController.swift; sourceTree = "<group>"; };
		20EA70832775BDC500A7D9D8 /* Base */ = {isa = PBXFileReference; lastKnownFileType = file.storyboard; name = Base; path = Base.lproj/Main.storyboard; sourceTree = "<group>"; };
		20EA70852775BDC700A7D9D8 /* Assets.xcassets */ = {isa = PBXFileReference; lastKnownFileType = folder.assetcatalog; path = Assets.xcassets; sourceTree = "<group>"; };
		20EA70882775BDC700A7D9D8 /* Base */ = {isa = PBXFileReference; lastKnownFileType = file.storyboard; name = Base; path = Base.lproj/LaunchScreen.storyboard; sourceTree = "<group>"; };
		20EA708A2775BDC700A7D9D8 /* Info.plist */ = {isa = PBXFileReference; lastKnownFileType = text.plist.xml; path = Info.plist; sourceTree = "<group>"; };
/* End PBXFileReference section */

/* Begin PBXFrameworksBuildPhase section */
		20EA70762775BDC500A7D9D8 /* Frameworks */ = {
			isa = PBXFrameworksBuildPhase;
			buildActionMask = 2147483647;
			files = (
			);
			runOnlyForDeploymentPostprocessing = 0;
		};
/* End PBXFrameworksBuildPhase section */

/* Begin PBXGroup section */
		20EA70702775BDC500A7D9D8 = {
			isa = PBXGroup;
			children = (
				20EA707B2775BDC500A7D9D8 /* MyPosts */,
				20EA707A2775BDC500A7D9D8 /* Products */,
			);
			sourceTree = "<group>";
		};
		20EA707A2775BDC500A7D9D8 /* Products */ = {
			isa = PBXGroup;
			children = (
				20EA70792775BDC500A7D9D8 /* myPosts.app */,
			);
			name = Products;
			sourceTree = "<group>";
		};
		20EA707B2775BDC500A7D9D8 /* MyPosts */ = {
			isa = PBXGroup;
			children = (
				20EA70922775BEA600A7D9D8 /* Controller */,
				20EA70912775BE9A00A7D9D8 /* Model */,
				20EA70902775BE9000A7D9D8 /* View */,
				20EA707C2775BDC500A7D9D8 /* AppDelegate.swift */,
				20EA707E2775BDC500A7D9D8 /* SceneDelegate.swift */,
				20EA70852775BDC700A7D9D8 /* Assets.xcassets */,
				20EA70872775BDC700A7D9D8 /* LaunchScreen.storyboard */,
				20EA708A2775BDC700A7D9D8 /* Info.plist */,
			);
			path = MyPosts;
			sourceTree = "<group>";
		};
		20EA70902775BE9000A7D9D8 /* View */ = {
			isa = PBXGroup;
			children = (
				20EA70822775BDC500A7D9D8 /* Main.storyboard */,
			);
			path = View;
			sourceTree = "<group>";
		};
		20EA70912775BE9A00A7D9D8 /* Model */ = {
			isa = PBXGroup;
			children = (
				2062178627797D360023FB4A /* MyPostsService.swift */,
				2062178827797D7E0023FB4A /* MyPostData.swift */,
				20C07629277B1B1E00EB22F7 /* ExceptionHandler.swift */,
			);
			path = Model;
			sourceTree = "<group>";
		};
		20EA70922775BEA600A7D9D8 /* Controller */ = {
			isa = PBXGroup;
			children = (
				20EA70802775BDC500A7D9D8 /* MyPostsController.swift */,
				20C07623277AD9C800EB22F7 /* MyPostTableCell.swift */,
				20C07625277AEFB400EB22F7 /* EditAddController.swift */,
			);
			path = Controller;
			sourceTree = "<group>";
		};
/* End PBXGroup section */

/* Begin PBXNativeTarget section */
		20EA70782775BDC500A7D9D8 /* myPosts */ = {
			isa = PBXNativeTarget;
			buildConfigurationList = 20EA708D2775BDC700A7D9D8 /* Build configuration list for PBXNativeTarget "myPosts" */;
			buildPhases = (
				20EA70752775BDC500A7D9D8 /* Sources */,
				20EA70762775BDC500A7D9D8 /* Frameworks */,
				20EA70772775BDC500A7D9D8 /* Resources */,
			);
			buildRules = (
			);
			dependencies = (
			);
			name = myPosts;
			productName = myPosts;
			productReference = 20EA70792775BDC500A7D9D8 /* myPosts.app */;
			productType = "com.apple.product-type.application";
		};
/* End PBXNativeTarget section */

/* Begin PBXProject section */
		20EA70712775BDC500A7D9D8 /* Project object */ = {
			isa = PBXProject;
			attributes = {
				BuildIndependentTargetsInParallel = 1;
				LastSwiftUpdateCheck = 1310;
				LastUpgradeCheck = 1310;
				TargetAttributes = {
					20EA70782775BDC500A7D9D8 = {
						CreatedOnToolsVersion = 13.1;
					};
				};
			};
			buildConfigurationList = 20EA70742775BDC500A7D9D8 /* Build configuration list for PBXProject "myPosts" */;
			compatibilityVersion = "Xcode 13.0";
			developmentRegion = en;
			hasScannedForEncodings = 0;
			knownRegions = (
				en,
				Base,
			);
			mainGroup = 20EA70702775BDC500A7D9D8;
			productRefGroup = 20EA707A2775BDC500A7D9D8 /* Products */;
			projectDirPath = "";
			projectRoot = "";
			targets = (
				20EA70782775BDC500A7D9D8 /* myPosts */,
			);
		};
/* End PBXProject section */

/* Begin PBXResourcesBuildPhase section */
		20EA70772775BDC500A7D9D8 /* Resources */ = {
			isa = PBXResourcesBuildPhase;
			buildActionMask = 2147483647;
			files = (
				20EA70892775BDC700A7D9D8 /* LaunchScreen.storyboard in Resources */,
				20EA70862775BDC700A7D9D8 /* Assets.xcassets in Resources */,
				20EA70842775BDC500A7D9D8 /* Main.storyboard in Resources */,
			);
			runOnlyForDeploymentPostprocessing = 0;
		};
/* End PBXResourcesBuildPhase section */

/* Begin PBXSourcesBuildPhase section */
		20EA70752775BDC500A7D9D8 /* Sources */ = {
			isa = PBXSourcesBuildPhase;
			buildActionMask = 2147483647;
			files = (
				20EA70812775BDC500A7D9D8 /* MyPostsController.swift in Sources */,
				2062178927797D7E0023FB4A /* MyPostData.swift in Sources */,
				2062178727797D360023FB4A /* MyPostsService.swift in Sources */,
				20C07624277AD9C800EB22F7 /* MyPostTableCell.swift in Sources */,
				20C07626277AEFB400EB22F7 /* EditAddController.swift in Sources */,
				20EA707D2775BDC500A7D9D8 /* AppDelegate.swift in Sources */,
				20C0762A277B1B1E00EB22F7 /* ExceptionHandler.swift in Sources */,
				20EA707F2775BDC500A7D9D8 /* SceneDelegate.swift in Sources */,
			);
			runOnlyForDeploymentPostprocessing = 0;
		};
/* End PBXSourcesBuildPhase section */

/* Begin PBXVariantGroup section */
		20EA70822775BDC500A7D9D8 /* Main.storyboard */ = {
			isa = PBXVariantGroup;
			children = (
				20EA70832775BDC500A7D9D8 /* Base */,
			);
			name = Main.storyboard;
			sourceTree = "<group>";
		};
		20EA70872775BDC700A7D9D8 /* LaunchScreen.storyboard */ = {
			isa = PBXVariantGroup;
			children = (
				20EA70882775BDC700A7D9D8 /* Base */,
			);
			name = LaunchScreen.storyboard;
			sourceTree = "<group>";
		};
/* End PBXVariantGroup section */

/* Begin XCBuildConfiguration section */
		20EA708B2775BDC700A7D9D8 /* Debug */ = {
			isa = XCBuildConfiguration;
			buildSettings = {
				ALWAYS_SEARCH_USER_PATHS = NO;
				CLANG_ANALYZER_NONNULL = YES;
				CLANG_ANALYZER_NUMBER_OBJECT_CONVERSION = YES_AGGRESSIVE;
				CLANG_CXX_LANGUAGE_STANDARD = "gnu++17";
				CLANG_CXX_LIBRARY = "libc++";
				CLANG_ENABLE_MODULES = YES;
				CLANG_ENABLE_OBJC_ARC = YES;
				CLANG_ENABLE_OBJC_WEAK = YES;
				CLANG_WARN_BLOCK_CAPTURE_AUTORELEASING = YES;
				CLANG_WARN_BOOL_CONVERSION = YES;
				CLANG_WARN_COMMA = YES;
				CLANG_WARN_CONSTANT_CONVERSION = YES;
				CLANG_WARN_DEPRECATED_OBJC_IMPLEMENTATIONS = YES;
				CLANG_WARN_DIRECT_OBJC_ISA_USAGE = YES_ERROR;
				CLANG_WARN_DOCUMENTATION_COMMENTS = YES;
				CLANG_WARN_EMPTY_BODY = YES;
				CLANG_WARN_ENUM_CONVERSION = YES;
				CLANG_WARN_INFINITE_RECURSION = YES;
				CLANG_WARN_INT_CONVERSION = YES;
				CLANG_WARN_NON_LITERAL_NULL_CONVERSION = YES;
				CLANG_WARN_OBJC_IMPLICIT_RETAIN_SELF = YES;
				CLANG_WARN_OBJC_LITERAL_CONVERSION = YES;
				CLANG_WARN_OBJC_ROOT_CLASS = YES_ERROR;
				CLANG_WARN_QUOTED_INCLUDE_IN_FRAMEWORK_HEADER = YES;
				CLANG_WARN_RANGE_LOOP_ANALYSIS = YES;
				CLANG_WARN_STRICT_PROTOTYPES = YES;
				CLANG_WARN_SUSPICIOUS_MOVE = YES;
				CLANG_WARN_UNGUARDED_AVAILABILITY = YES_AGGRESSIVE;
				CLANG_WARN_UNREACHABLE_CODE = YES;
				CLANG_WARN__DUPLICATE_METHOD_MATCH = YES;
				COPY_PHASE_STRIP = NO;
				DEBUG_INFORMATION_FORMAT = dwarf;
				ENABLE_STRICT_OBJC_MSGSEND = YES;
				ENABLE_TESTABILITY = YES;
				GCC_C_LANGUAGE_STANDARD = gnu11;
				GCC_DYNAMIC_NO_PIC = NO;
				GCC_NO_COMMON_BLOCKS = YES;
				GCC_OPTIMIZATION_LEVEL = 0;
				GCC_PREPROCESSOR_DEFINITIONS = (
					"DEBUG=1",
					"$(inherited)",
				);
				GCC_WARN_64_TO_32_BIT_CONVERSION = YES;
				GCC_WARN_ABOUT_RETURN_TYPE = YES_ERROR;
				GCC_WARN_UNDECLARED_SELECTOR = YES;
				GCC_WARN_UNINITIALIZED_AUTOS = YES_AGGRESSIVE;
				GCC_WARN_UNUSED_FUNCTION = YES;
				GCC_WARN_UNUSED_VARIABLE = YES;
				IPHONEOS_DEPLOYMENT_TARGET = 15.0;
				MTL_ENABLE_DEBUG_INFO = INCLUDE_SOURCE;
				MTL_FAST_MATH = YES;
				ONLY_ACTIVE_ARCH = YES;
				SDKROOT = iphoneos;
				SWIFT_ACTIVE_COMPILATION_CONDITIONS = DEBUG;
				SWIFT_OPTIMIZATION_LEVEL = "-Onone";
			};
			name = Debug;
		};
		20EA708C2775BDC700A7D9D8 /* Release */ = {
			isa = XCBuildConfiguration;
			buildSettings = {
				ALWAYS_SEARCH_USER_PATHS = NO;
				CLANG_ANALYZER_NONNULL = YES;
				CLANG_ANALYZER_NUMBER_OBJECT_CONVERSION = YES_AGGRESSIVE;
				CLANG_CXX_LANGUAGE_STANDARD = "gnu++17";
				CLANG_CXX_LIBRARY = "libc++";
				CLANG_ENABLE_MODULES = YES;
				CLANG_ENABLE_OBJC_ARC = YES;
				CLANG_ENABLE_OBJC_WEAK = YES;
				CLANG_WARN_BLOCK_CAPTURE_AUTORELEASING = YES;
				CLANG_WARN_BOOL_CONVERSION = YES;
				CLANG_WARN_COMMA = YES;
				CLANG_WARN_CONSTANT_CONVERSION = YES;
				CLANG_WARN_DEPRECATED_OBJC_IMPLEMENTATIONS = YES;
				CLANG_WARN_DIRECT_OBJC_ISA_USAGE = YES_ERROR;
				CLANG_WARN_DOCUMENTATION_COMMENTS = YES;
				CLANG_WARN_EMPTY_BODY = YES;
				CLANG_WARN_ENUM_CONVERSION = YES;
				CLANG_WARN_INFINITE_RECURSION = YES;
				CLANG_WARN_INT_CONVERSION = YES;
				CLANG_WARN_NON_LITERAL_NULL_CONVERSION = YES;
				CLANG_WARN_OBJC_IMPLICIT_RETAIN_SELF = YES;
				CLANG_WARN_OBJC_LITERAL_CONVERSION = YES;
				CLANG_WARN_OBJC_ROOT_CLASS = YES_ERROR;
				CLANG_WARN_QUOTED_INCLUDE_IN_FRAMEWORK_HEADER = YES;
				CLANG_WARN_RANGE_LOOP_ANALYSIS = YES;
				CLANG_WARN_STRICT_PROTOTYPES = YES;
				CLANG_WARN_SUSPICIOUS_MOVE = YES;
				CLANG_WARN_UNGUARDED_AVAILABILITY = YES_AGGRESSIVE;
				CLANG_WARN_UNREACHABLE_CODE = YES;
				CLANG_WARN__DUPLICATE_METHOD_MATCH = YES;
				COPY_PHASE_STRIP = NO;
				DEBUG_INFORMATION_FORMAT = "dwarf-with-dsym";
				ENABLE_NS_ASSERTIONS = NO;
				ENABLE_STRICT_OBJC_MSGSEND = YES;
				GCC_C_LANGUAGE_STANDARD = gnu11;
				GCC_NO_COMMON_BLOCKS = YES;
				GCC_WARN_64_TO_32_BIT_CONVERSION = YES;
				GCC_WARN_ABOUT_RETURN_TYPE = YES_ERROR;
				GCC_WARN_UNDECLARED_SELECTOR = YES;
				GCC_WARN_UNINITIALIZED_AUTOS = YES_AGGRESSIVE;
				GCC_WARN_UNUSED_FUNCTION = YES;
				GCC_WARN_UNUSED_VARIABLE = YES;
				IPHONEOS_DEPLOYMENT_TARGET = 15.0;
				MTL_ENABLE_DEBUG_INFO = NO;
				MTL_FAST_MATH = YES;
				SDKROOT = iphoneos;
				SWIFT_COMPILATION_MODE = wholemodule;
				SWIFT_OPTIMIZATION_LEVEL = "-O";
				VALIDATE_PRODUCT = YES;
			};
			name = Release;
		};
		20EA708E2775BDC700A7D9D8 /* Debug */ = {
			isa = XCBuildConfiguration;
			buildSettings = {
				ASSETCATALOG_COMPILER_APPICON_NAME = AppIcon;
				ASSETCATALOG_COMPILER_GLOBAL_ACCENT_COLOR_NAME = AccentColor;
				CODE_SIGN_STYLE = Automatic;
				CURRENT_PROJECT_VERSION = 1;
				GENERATE_INFOPLIST_FILE = YES;
				INFOPLIST_FILE = myPosts/Info.plist;
				INFOPLIST_KEY_UIApplicationSupportsIndirectInputEvents = YES;
				INFOPLIST_KEY_UILaunchStoryboardName = LaunchScreen;
				INFOPLIST_KEY_UIMainStoryboardFile = Main;
				INFOPLIST_KEY_UISupportedInterfaceOrientations_iPad = "UIInterfaceOrientationPortrait UIInterfaceOrientationPortraitUpsideDown UIInterfaceOrientationLandscapeLeft UIInterfaceOrientationLandscapeRight";
				INFOPLIST_KEY_UISupportedInterfaceOrientations_iPhone = "UIInterfaceOrientationPortrait UIInterfaceOrientationLandscapeLeft UIInterfaceOrientationLandscapeRight";
				LD_RUNPATH_SEARCH_PATHS = (
					"$(inherited)",
					"@executable_path/Frameworks",
				);
				MARKETING_VERSION = 1.0;
				PRODUCT_BUNDLE_IDENTIFIER = Test.myPosts;
				PRODUCT_NAME = "$(TARGET_NAME)";
				SWIFT_EMIT_LOC_STRINGS = YES;
				SWIFT_VERSION = 5.0;
				TARGETED_DEVICE_FAMILY = "1,2";
			};
			name = Debug;
		};
		20EA708F2775BDC700A7D9D8 /* Release */ = {
			isa = XCBuildConfiguration;
			buildSettings = {
				ASSETCATALOG_COMPILER_APPICON_NAME = AppIcon;
				ASSETCATALOG_COMPILER_GLOBAL_ACCENT_COLOR_NAME = AccentColor;
				CODE_SIGN_STYLE = Automatic;
				CURRENT_PROJECT_VERSION = 1;
				GENERATE_INFOPLIST_FILE = YES;
				INFOPLIST_FILE = myPosts/Info.plist;
				INFOPLIST_KEY_UIApplicationSupportsIndirectInputEvents = YES;
				INFOPLIST_KEY_UILaunchStoryboardName = LaunchScreen;
				INFOPLIST_KEY_UIMainStoryboardFile = Main;
				INFOPLIST_KEY_UISupportedInterfaceOrientations_iPad = "UIInterfaceOrientationPortrait UIInterfaceOrientationPortraitUpsideDown UIInterfaceOrientationLandscapeLeft UIInterfaceOrientationLandscapeRight";
				INFOPLIST_KEY_UISupportedInterfaceOrientations_iPhone = "UIInterfaceOrientationPortrait UIInterfaceOrientationLandscapeLeft UIInterfaceOrientationLandscapeRight";
				LD_RUNPATH_SEARCH_PATHS = (
					"$(inherited)",
					"@executable_path/Frameworks",
				);
				MARKETING_VERSION = 1.0;
				PRODUCT_BUNDLE_IDENTIFIER = Test.myPosts;
				PRODUCT_NAME = "$(TARGET_NAME)";
				SWIFT_EMIT_LOC_STRINGS = YES;
				SWIFT_VERSION = 5.0;
				TARGETED_DEVICE_FAMILY = "1,2";
			};
			name = Release;
		};
/* End XCBuildConfiguration section */

/* Begin XCConfigurationList section */
		20EA70742775BDC500A7D9D8 /* Build configuration list for PBXProject "myPosts" */ = {
			isa = XCConfigurationList;
			buildConfigurations = (
				20EA708B2775BDC700A7D9D8 /* Debug */,
				20EA708C2775BDC700A7D9D8 /* Release */,
			);
			defaultConfigurationIsVisible = 0;
			defaultConfigurationName = Release;
		};
		20EA708D2775BDC700A7D9D8 /* Build configuration list for PBXNativeTarget "myPosts" */ = {
			isa = XCConfigurationList;
			buildConfigurations = (
				20EA708E2775BDC700A7D9D8 /* Debug */,
				20EA708F2775BDC700A7D9D8 /* Release */,
			);
			defaultConfigurationIsVisible = 0;
			defaultConfigurationName = Release;
		};
/* End XCConfigurationList section */
	};
	rootObject = 20EA70712775BDC500A7D9D8 /* Project object */;
}
